// !$*UTF8*$!
{
	archiveVersion = 1;
	classes = {
	};
	objectVersion = 46;
	objects = {

/* Begin PBXAggregateTarget section */
		1F95AD2361644FC3804C7EDB /* ZERO_CHECK */ = {
			isa = PBXAggregateTarget;
			buildConfigurationList = 44B72D61F7FA41138B743EF6 /* Build configuration list for PBXAggregateTarget "ZERO_CHECK" */;
			buildPhases = (
				8F628ECE7E7E4E4F9E3D2AA4 /* CMake Rules */,
			);
			dependencies = (
			);
			name = ZERO_CHECK;
			productName = ZERO_CHECK;
		};
		F2217CC5723F43D784F612FF /* ALL_BUILD */ = {
			isa = PBXAggregateTarget;
			buildConfigurationList = 6A3BD5376446466998CCB4AC /* Build configuration list for PBXAggregateTarget "ALL_BUILD" */;
			buildPhases = (
				A2688D0476AD421AAA16A2FD /* CMake Rules */,
			);
			dependencies = (
				D1665C3EE9D94957BAF80DDC /* PBXTargetDependency */,
				33981304D8D449A993EA969E /* PBXTargetDependency */,
				6428FE68DADA44F18EE25647 /* PBXTargetDependency */,
				65FEA71652564E319F3E4B91 /* PBXTargetDependency */,
			);
			name = ALL_BUILD;
			productName = ALL_BUILD;
		};
/* End PBXAggregateTarget section */

/* Begin PBXBuildFile section */
		19102ADF495B40D9BC34681F /* /Users/dangxiaobin/Desktop/github/myOpengl/src/1.getting_started/1.1.hello_window/file_util.h */ = {isa = PBXBuildFile; fileRef = 3EF6B56E89114C86BD4052A1 /* /Users/dangxiaobin/Desktop/github/myOpengl/src/1.getting_started/1.1.hello_window/file_util.h */; };
		2B1B2991E983481893A47007 /* /Users/dangxiaobin/Desktop/github/myOpengl/src/glad.c */ = {isa = PBXBuildFile; fileRef = 037050CEF9F249F9A0F238EC /* /Users/dangxiaobin/Desktop/github/myOpengl/src/glad.c */; };
		2D52920FD3BA45D1BDC74FFE /* /Users/dangxiaobin/Desktop/github/myOpengl/src/1.getting_started/1.1.hello_window/file_unix.h */ = {isa = PBXBuildFile; fileRef = AD94E016F1EE49FD9BDCFCA2 /* /Users/dangxiaobin/Desktop/github/myOpengl/src/1.getting_started/1.1.hello_window/file_unix.h */; };
		3B2EF1C2679542FABB3752AF /* /Users/dangxiaobin/Desktop/github/myOpengl/src/1.getting_started/1.1.hello_window/texture.cpp */ = {isa = PBXBuildFile; fileRef = 9E6055B505494319AA547313 /* /Users/dangxiaobin/Desktop/github/myOpengl/src/1.getting_started/1.1.hello_window/texture.cpp */; };
		4F3EA0382FC04C92808124D2 /* /Users/dangxiaobin/Desktop/github/myOpengl/src/1.getting_started/1.1.hello_window/cube.vs */ = {isa = PBXBuildFile; fileRef = 811A301B772145219080DE6B /* /Users/dangxiaobin/Desktop/github/myOpengl/src/1.getting_started/1.1.hello_window/cube.vs */; };
		50A51C0B4BE844C7B5FEF9C6 /* /Users/dangxiaobin/Desktop/github/myOpengl/CMakeLists.txt */ = {isa = PBXBuildFile; fileRef = 8181747E2C6E4C3CB86331CC /* /Users/dangxiaobin/Desktop/github/myOpengl/CMakeLists.txt */; };
		5C1836D3188E4A149D74C2DD /* /Users/dangxiaobin/Desktop/github/myOpengl/src/1.getting_started/1.1.hello_window/vs.vs */ = {isa = PBXBuildFile; fileRef = C3D5F7163A6A41758155F6A0 /* /Users/dangxiaobin/Desktop/github/myOpengl/src/1.getting_started/1.1.hello_window/vs.vs */; };
		6217CAF7A5754680B7FBF521 /* /Users/dangxiaobin/Desktop/github/myOpengl/src/1.getting_started/1.1.hello_window/resource.cpp */ = {isa = PBXBuildFile; fileRef = 8AC403DBCAB64E3D9C32EC7D /* /Users/dangxiaobin/Desktop/github/myOpengl/src/1.getting_started/1.1.hello_window/resource.cpp */; };
		76A0A9AE4B70485F9C19AA3E /* /Users/dangxiaobin/Desktop/github/myOpengl/src/1.getting_started/1.1.hello_window/logger.h */ = {isa = PBXBuildFile; fileRef = FD6BB5416F7046E897DC04C0 /* /Users/dangxiaobin/Desktop/github/myOpengl/src/1.getting_started/1.1.hello_window/logger.h */; };
		7B36E4D848E7477C900782EF /* /Users/dangxiaobin/Desktop/github/myOpengl/src/1.getting_started/1.1.hello_window/fs.fs */ = {isa = PBXBuildFile; fileRef = 377E6BDE0EA44E5097B212C3 /* /Users/dangxiaobin/Desktop/github/myOpengl/src/1.getting_started/1.1.hello_window/fs.fs */; };
		841D8881119740E4BA803152 /* /Users/dangxiaobin/Desktop/github/myOpengl/CMakeLists.txt */ = {isa = PBXBuildFile; fileRef = 1BE3CECE5F014AA3BC4464F1 /* /Users/dangxiaobin/Desktop/github/myOpengl/CMakeLists.txt */; };
		90E2B943CFA04501A45B46A8 /* /Users/dangxiaobin/Desktop/github/myOpengl/src/1.getting_started/1.1.hello_window/shader.h */ = {isa = PBXBuildFile; fileRef = 71CA28AAEE0E4EA8896ABB76 /* /Users/dangxiaobin/Desktop/github/myOpengl/src/1.getting_started/1.1.hello_window/shader.h */; };
		93BCFDB023204B45875E9F55 /* /Users/dangxiaobin/Desktop/github/myOpengl/src/1.getting_started/1.1.hello_window/math_inc.h */ = {isa = PBXBuildFile; fileRef = DB4A133513BF4A5A88353713 /* /Users/dangxiaobin/Desktop/github/myOpengl/src/1.getting_started/1.1.hello_window/math_inc.h */; };
		94F31EF2F7764B40B0A7F9EC /* /Users/dangxiaobin/Desktop/github/myOpengl/src/1.getting_started/1.1.hello_window/light.fs */ = {isa = PBXBuildFile; fileRef = 524247B75D1049BDB06CEAA9 /* /Users/dangxiaobin/Desktop/github/myOpengl/src/1.getting_started/1.1.hello_window/light.fs */; };
		94FAE51507284B5580D784E3 /* /Users/dangxiaobin/Desktop/github/myOpengl/src/1.getting_started/1.1.hello_window/light.vs */ = {isa = PBXBuildFile; fileRef = 806D1C2F920947C38C511F43 /* /Users/dangxiaobin/Desktop/github/myOpengl/src/1.getting_started/1.1.hello_window/light.vs */; };
		9DBA531328934BDCADBB26AA /* /Users/dangxiaobin/Desktop/github/myOpengl/src/1.getting_started/1.1.hello_window/texture.h */ = {isa = PBXBuildFile; fileRef = DE43E3B22DFB4AE4A758E016 /* /Users/dangxiaobin/Desktop/github/myOpengl/src/1.getting_started/1.1.hello_window/texture.h */; };
		ACF2FA32198B47ECAFAB1161 /* /Users/dangxiaobin/Desktop/github/myOpengl/src/1.getting_started/1.1.hello_window/asset.h */ = {isa = PBXBuildFile; fileRef = E130C044AD6D4ADCAD194378 /* /Users/dangxiaobin/Desktop/github/myOpengl/src/1.getting_started/1.1.hello_window/asset.h */; };
		AE473AF552524D6BA7EFA7C8 /* /Users/dangxiaobin/Desktop/github/myOpengl/src/1.getting_started/1.1.hello_window/file_util.cpp */ = {isa = PBXBuildFile; fileRef = 81C787793C7644AA9542E58A /* /Users/dangxiaobin/Desktop/github/myOpengl/src/1.getting_started/1.1.hello_window/file_util.cpp */; };
		B2181FCB1C7249A4A032B877 /* /Users/dangxiaobin/Desktop/github/myOpengl/src/1.getting_started/1.1.hello_window/resource.h */ = {isa = PBXBuildFile; fileRef = E4F5EF9E7E1F40A785E3C58F /* /Users/dangxiaobin/Desktop/github/myOpengl/src/1.getting_started/1.1.hello_window/resource.h */; };
		B76F42C0E1C54594AC87723C /* /Users/dangxiaobin/Desktop/github/myOpengl/src/1.getting_started/1.1.hello_window/shader.cpp */ = {isa = PBXBuildFile; fileRef = FE1FF69463A64F8FBC132ADE /* /Users/dangxiaobin/Desktop/github/myOpengl/src/1.getting_started/1.1.hello_window/shader.cpp */; };
		BE15431DEF0D4E35B5B57C3E /* /Users/dangxiaobin/Desktop/github/myOpengl/CMakeLists.txt */ = {isa = PBXBuildFile; fileRef = 507B64CB31204F0BA6A4B60F /* /Users/dangxiaobin/Desktop/github/myOpengl/CMakeLists.txt */; };
		C641D23644074DC0824C11D0 /* /Users/dangxiaobin/Desktop/github/myOpengl/src/1.getting_started/1.1.hello_window/math_inc.cpp */ = {isa = PBXBuildFile; fileRef = AC6228C471EE48F3A91B0A58 /* /Users/dangxiaobin/Desktop/github/myOpengl/src/1.getting_started/1.1.hello_window/math_inc.cpp */; };
		E09C2B8ADFB24A08B51FA171 /* /Users/dangxiaobin/Desktop/github/myOpengl/src/stb_image.cpp */ = {isa = PBXBuildFile; fileRef = 3282BB3E94D64C7E980CAEE3 /* /Users/dangxiaobin/Desktop/github/myOpengl/src/stb_image.cpp */; };
		EC282944F4A44884B6483892 /* /Users/dangxiaobin/Desktop/github/myOpengl/src/1.getting_started/1.1.hello_window/hello_window.cpp */ = {isa = PBXBuildFile; fileRef = FF15F153A956470DAD1392A5 /* /Users/dangxiaobin/Desktop/github/myOpengl/src/1.getting_started/1.1.hello_window/hello_window.cpp */; };
		F1BB01AD67464E4EA4F4175A /* /Users/dangxiaobin/Desktop/github/myOpengl/src/1.getting_started/1.1.hello_window/file_unix.cpp */ = {isa = PBXBuildFile; fileRef = 46342E67C3E74A6197048D02 /* /Users/dangxiaobin/Desktop/github/myOpengl/src/1.getting_started/1.1.hello_window/file_unix.cpp */; };
		F1C4BF4BD0B44600B685F0F6 /* /Users/dangxiaobin/Desktop/github/myOpengl/src/1.getting_started/1.1.hello_window/types.h */ = {isa = PBXBuildFile; fileRef = 94AA176501FF461CB0C0A45A /* /Users/dangxiaobin/Desktop/github/myOpengl/src/1.getting_started/1.1.hello_window/types.h */; };
		FA022EF5DE9F4682BECEAFF1 /* /Users/dangxiaobin/Desktop/github/myOpengl/src/1.getting_started/1.1.hello_window/asset.cpp */ = {isa = PBXBuildFile; fileRef = 6D09024804D24574A5D5FB23 /* /Users/dangxiaobin/Desktop/github/myOpengl/src/1.getting_started/1.1.hello_window/asset.cpp */; };
/* End PBXBuildFile section */

/* Begin PBXBuildStyle section */
		2FF42742DF1841B582F2D9F2 /* MinSizeRel */ = {
			isa = PBXBuildStyle;
			buildSettings = {
				COPY_PHASE_STRIP = NO;
			};
			name = MinSizeRel;
		};
		BD9CDAD6B9394F089501B4F1 /* Debug */ = {
			isa = PBXBuildStyle;
			buildSettings = {
				COPY_PHASE_STRIP = NO;
			};
			name = Debug;
		};
		E2D1C25DD0F54FFC9AB8E971 /* Release */ = {
			isa = PBXBuildStyle;
			buildSettings = {
				COPY_PHASE_STRIP = NO;
			};
			name = Release;
		};
		FE3CE176D833407785BF0797 /* RelWithDebInfo */ = {
			isa = PBXBuildStyle;
			buildSettings = {
				COPY_PHASE_STRIP = NO;
			};
			name = RelWithDebInfo;
		};
/* End PBXBuildStyle section */

/* Begin PBXContainerItemProxy section */
		13CE84C6DD0046ECBD7CBB01 /* PBXContainerItemProxy */ = {
			isa = PBXContainerItemProxy;
			containerPortal = 5C78E47978074F5295605DE1 /* Project object */;
			proxyType = 1;
			remoteGlobalIDString = 5102D5981A1E4F5DA5F88D23;
			remoteInfo = STB_IMAGE;
		};
		4AC5298A06804F3BB554804C /* PBXContainerItemProxy */ = {
			isa = PBXContainerItemProxy;
			containerPortal = 5C78E47978074F5295605DE1 /* Project object */;
			proxyType = 1;
			remoteGlobalIDString = 1F95AD2361644FC3804C7EDB;
			remoteInfo = ZERO_CHECK;
		};
		5F79BFFC671348718EDAD71C /* PBXContainerItemProxy */ = {
			isa = PBXContainerItemProxy;
			containerPortal = 5C78E47978074F5295605DE1 /* Project object */;
			proxyType = 1;
			remoteGlobalIDString = F373FFD2B4E14903898C65D7;
			remoteInfo = 1.getting_started__1.1.hello_window;
		};
		603D1B634BB34F7B87C127A5 /* PBXContainerItemProxy */ = {
			isa = PBXContainerItemProxy;
			containerPortal = 5C78E47978074F5295605DE1 /* Project object */;
			proxyType = 1;
			remoteGlobalIDString = 5102D5981A1E4F5DA5F88D23;
			remoteInfo = STB_IMAGE;
		};
		ADCB55059DF94204822A0DAF /* PBXContainerItemProxy */ = {
			isa = PBXContainerItemProxy;
			containerPortal = 5C78E47978074F5295605DE1 /* Project object */;
			proxyType = 1;
			remoteGlobalIDString = 1F95AD2361644FC3804C7EDB;
			remoteInfo = ZERO_CHECK;
		};
		BF629C4938C04F6799EDE11A /* PBXContainerItemProxy */ = {
			isa = PBXContainerItemProxy;
			containerPortal = 5C78E47978074F5295605DE1 /* Project object */;
			proxyType = 1;
			remoteGlobalIDString = 1F95AD2361644FC3804C7EDB;
			remoteInfo = ZERO_CHECK;
		};
		CC97890108C74BD1B0E024D8 /* PBXContainerItemProxy */ = {
			isa = PBXContainerItemProxy;
			containerPortal = 5C78E47978074F5295605DE1 /* Project object */;
			proxyType = 1;
			remoteGlobalIDString = 02957BFE757B444B9C9B4BDB;
			remoteInfo = GLAD;
		};
		ED0E4DA0136D44D899D7F077 /* PBXContainerItemProxy */ = {
			isa = PBXContainerItemProxy;
			containerPortal = 5C78E47978074F5295605DE1 /* Project object */;
			proxyType = 1;
			remoteGlobalIDString = 1F95AD2361644FC3804C7EDB;
			remoteInfo = ZERO_CHECK;
		};
		F9BEA9B9535446E5B779A413 /* PBXContainerItemProxy */ = {
			isa = PBXContainerItemProxy;
			containerPortal = 5C78E47978074F5295605DE1 /* Project object */;
			proxyType = 1;
			remoteGlobalIDString = 02957BFE757B444B9C9B4BDB;
			remoteInfo = GLAD;
		};
/* End PBXContainerItemProxy section */

/* Begin PBXFileReference section */
		037050CEF9F249F9A0F238EC /* /Users/dangxiaobin/Desktop/github/myOpengl/src/glad.c */ = {isa = PBXFileReference; explicitFileType = sourcecode.c.c; fileEncoding = 4; name = glad.c; path = src/glad.c; sourceTree = SOURCE_ROOT; };
		0BB406388BC241168F2D5445 /* GLAD */ = {isa = PBXFileReference; explicitFileType = archive.ar; path = libGLAD.a; sourceTree = BUILT_PRODUCTS_DIR; };
		1BE3CECE5F014AA3BC4464F1 /* /Users/dangxiaobin/Desktop/github/myOpengl/CMakeLists.txt */ = {isa = PBXFileReference; explicitFileType = sourcecode.text; fileEncoding = 4; name = CMakeLists.txt; path = CMakeLists.txt; sourceTree = SOURCE_ROOT; };
		3282BB3E94D64C7E980CAEE3 /* /Users/dangxiaobin/Desktop/github/myOpengl/src/stb_image.cpp */ = {isa = PBXFileReference; explicitFileType = sourcecode.cpp.cpp; fileEncoding = 4; name = stb_image.cpp; path = src/stb_image.cpp; sourceTree = SOURCE_ROOT; };
		377E6BDE0EA44E5097B212C3 /* /Users/dangxiaobin/Desktop/github/myOpengl/src/1.getting_started/1.1.hello_window/fs.fs */ = {isa = PBXFileReference; explicitFileType = sourcecode; fileEncoding = 4; name = fs.fs; path = src/1.getting_started/1.1.hello_window/fs.fs; sourceTree = SOURCE_ROOT; };
		3EF6B56E89114C86BD4052A1 /* /Users/dangxiaobin/Desktop/github/myOpengl/src/1.getting_started/1.1.hello_window/file_util.h */ = {isa = PBXFileReference; explicitFileType = sourcecode.c.h; fileEncoding = 4; name = file_util.h; path = src/1.getting_started/1.1.hello_window/file_util.h; sourceTree = SOURCE_ROOT; };
		45DE3BDD0D144492844AAC54 /* 1.getting_started__1.1.hello_window */ = {isa = PBXFileReference; explicitFileType = "compiled.mach-o.executable"; path = 1.getting_started__1.1.hello_window; sourceTree = BUILT_PRODUCTS_DIR; };
		46342E67C3E74A6197048D02 /* /Users/dangxiaobin/Desktop/github/myOpengl/src/1.getting_started/1.1.hello_window/file_unix.cpp */ = {isa = PBXFileReference; explicitFileType = sourcecode.cpp.cpp; fileEncoding = 4; name = file_unix.cpp; path = src/1.getting_started/1.1.hello_window/file_unix.cpp; sourceTree = SOURCE_ROOT; };
		4872E187830F451C8FC8691A /* /Users/dangxiaobin/Desktop/github/myOpengl/CMakeLists.txt */ = {isa = PBXFileReference; explicitFileType = sourcecode.text; fileEncoding = 4; name = CMakeLists.txt; path = CMakeLists.txt; sourceTree = SOURCE_ROOT; };
		507B64CB31204F0BA6A4B60F /* /Users/dangxiaobin/Desktop/github/myOpengl/CMakeLists.txt */ = {isa = PBXFileReference; explicitFileType = sourcecode.text; fileEncoding = 4; name = CMakeLists.txt; path = CMakeLists.txt; sourceTree = SOURCE_ROOT; };
		524247B75D1049BDB06CEAA9 /* /Users/dangxiaobin/Desktop/github/myOpengl/src/1.getting_started/1.1.hello_window/light.fs */ = {isa = PBXFileReference; explicitFileType = sourcecode; fileEncoding = 4; name = light.fs; path = src/1.getting_started/1.1.hello_window/light.fs; sourceTree = SOURCE_ROOT; };
		58186351E0B94383BB0FA1FB /* STB_IMAGE */ = {isa = PBXFileReference; explicitFileType = archive.ar; path = libSTB_IMAGE.a; sourceTree = BUILT_PRODUCTS_DIR; };
		6D09024804D24574A5D5FB23 /* /Users/dangxiaobin/Desktop/github/myOpengl/src/1.getting_started/1.1.hello_window/asset.cpp */ = {isa = PBXFileReference; explicitFileType = sourcecode.cpp.cpp; fileEncoding = 4; name = asset.cpp; path = src/1.getting_started/1.1.hello_window/asset.cpp; sourceTree = SOURCE_ROOT; };
		71CA28AAEE0E4EA8896ABB76 /* /Users/dangxiaobin/Desktop/github/myOpengl/src/1.getting_started/1.1.hello_window/shader.h */ = {isa = PBXFileReference; explicitFileType = sourcecode.c.h; fileEncoding = 4; name = shader.h; path = src/1.getting_started/1.1.hello_window/shader.h; sourceTree = SOURCE_ROOT; };
		806D1C2F920947C38C511F43 /* /Users/dangxiaobin/Desktop/github/myOpengl/src/1.getting_started/1.1.hello_window/light.vs */ = {isa = PBXFileReference; explicitFileType = sourcecode; fileEncoding = 4; name = light.vs; path = src/1.getting_started/1.1.hello_window/light.vs; sourceTree = SOURCE_ROOT; };
		811A301B772145219080DE6B /* /Users/dangxiaobin/Desktop/github/myOpengl/src/1.getting_started/1.1.hello_window/cube.vs */ = {isa = PBXFileReference; explicitFileType = sourcecode; fileEncoding = 4; name = cube.vs; path = src/1.getting_started/1.1.hello_window/cube.vs; sourceTree = SOURCE_ROOT; };
		8181747E2C6E4C3CB86331CC /* /Users/dangxiaobin/Desktop/github/myOpengl/CMakeLists.txt */ = {isa = PBXFileReference; explicitFileType = sourcecode.text; fileEncoding = 4; name = CMakeLists.txt; path = CMakeLists.txt; sourceTree = SOURCE_ROOT; };
		81C787793C7644AA9542E58A /* /Users/dangxiaobin/Desktop/github/myOpengl/src/1.getting_started/1.1.hello_window/file_util.cpp */ = {isa = PBXFileReference; explicitFileType = sourcecode.cpp.cpp; fileEncoding = 4; name = file_util.cpp; path = src/1.getting_started/1.1.hello_window/file_util.cpp; sourceTree = SOURCE_ROOT; };
		8AC403DBCAB64E3D9C32EC7D /* /Users/dangxiaobin/Desktop/github/myOpengl/src/1.getting_started/1.1.hello_window/resource.cpp */ = {isa = PBXFileReference; explicitFileType = sourcecode.cpp.cpp; fileEncoding = 4; name = resource.cpp; path = src/1.getting_started/1.1.hello_window/resource.cpp; sourceTree = SOURCE_ROOT; };
		94AA176501FF461CB0C0A45A /* /Users/dangxiaobin/Desktop/github/myOpengl/src/1.getting_started/1.1.hello_window/types.h */ = {isa = PBXFileReference; explicitFileType = sourcecode.c.h; fileEncoding = 4; name = types.h; path = src/1.getting_started/1.1.hello_window/types.h; sourceTree = SOURCE_ROOT; };
		9DCB906B209849E58F478728 /* /Users/dangxiaobin/Desktop/github/myOpengl/CMakeLists.txt */ = {isa = PBXFileReference; explicitFileType = sourcecode.text; fileEncoding = 4; name = CMakeLists.txt; path = CMakeLists.txt; sourceTree = SOURCE_ROOT; };
		9E6055B505494319AA547313 /* /Users/dangxiaobin/Desktop/github/myOpengl/src/1.getting_started/1.1.hello_window/texture.cpp */ = {isa = PBXFileReference; explicitFileType = sourcecode.cpp.cpp; fileEncoding = 4; name = texture.cpp; path = src/1.getting_started/1.1.hello_window/texture.cpp; sourceTree = SOURCE_ROOT; };
		AC6228C471EE48F3A91B0A58 /* /Users/dangxiaobin/Desktop/github/myOpengl/src/1.getting_started/1.1.hello_window/math_inc.cpp */ = {isa = PBXFileReference; explicitFileType = sourcecode.cpp.cpp; fileEncoding = 4; name = math_inc.cpp; path = src/1.getting_started/1.1.hello_window/math_inc.cpp; sourceTree = SOURCE_ROOT; };
		AD94E016F1EE49FD9BDCFCA2 /* /Users/dangxiaobin/Desktop/github/myOpengl/src/1.getting_started/1.1.hello_window/file_unix.h */ = {isa = PBXFileReference; explicitFileType = sourcecode.c.h; fileEncoding = 4; name = file_unix.h; path = src/1.getting_started/1.1.hello_window/file_unix.h; sourceTree = SOURCE_ROOT; };
		C3D5F7163A6A41758155F6A0 /* /Users/dangxiaobin/Desktop/github/myOpengl/src/1.getting_started/1.1.hello_window/vs.vs */ = {isa = PBXFileReference; explicitFileType = sourcecode; fileEncoding = 4; name = vs.vs; path = src/1.getting_started/1.1.hello_window/vs.vs; sourceTree = SOURCE_ROOT; };
		DB4A133513BF4A5A88353713 /* /Users/dangxiaobin/Desktop/github/myOpengl/src/1.getting_started/1.1.hello_window/math_inc.h */ = {isa = PBXFileReference; explicitFileType = sourcecode.c.h; fileEncoding = 4; name = math_inc.h; path = src/1.getting_started/1.1.hello_window/math_inc.h; sourceTree = SOURCE_ROOT; };
		DE43E3B22DFB4AE4A758E016 /* /Users/dangxiaobin/Desktop/github/myOpengl/src/1.getting_started/1.1.hello_window/texture.h */ = {isa = PBXFileReference; explicitFileType = sourcecode.c.h; fileEncoding = 4; name = texture.h; path = src/1.getting_started/1.1.hello_window/texture.h; sourceTree = SOURCE_ROOT; };
		E130C044AD6D4ADCAD194378 /* /Users/dangxiaobin/Desktop/github/myOpengl/src/1.getting_started/1.1.hello_window/asset.h */ = {isa = PBXFileReference; explicitFileType = sourcecode.c.h; fileEncoding = 4; name = asset.h; path = src/1.getting_started/1.1.hello_window/asset.h; sourceTree = SOURCE_ROOT; };
		E4F5EF9E7E1F40A785E3C58F /* /Users/dangxiaobin/Desktop/github/myOpengl/src/1.getting_started/1.1.hello_window/resource.h */ = {isa = PBXFileReference; explicitFileType = sourcecode.c.h; fileEncoding = 4; name = resource.h; path = src/1.getting_started/1.1.hello_window/resource.h; sourceTree = SOURCE_ROOT; };
		FD6BB5416F7046E897DC04C0 /* /Users/dangxiaobin/Desktop/github/myOpengl/src/1.getting_started/1.1.hello_window/logger.h */ = {isa = PBXFileReference; explicitFileType = sourcecode.c.h; fileEncoding = 4; name = logger.h; path = src/1.getting_started/1.1.hello_window/logger.h; sourceTree = SOURCE_ROOT; };
		FE1FF69463A64F8FBC132ADE /* /Users/dangxiaobin/Desktop/github/myOpengl/src/1.getting_started/1.1.hello_window/shader.cpp */ = {isa = PBXFileReference; explicitFileType = sourcecode.cpp.cpp; fileEncoding = 4; name = shader.cpp; path = src/1.getting_started/1.1.hello_window/shader.cpp; sourceTree = SOURCE_ROOT; };
		FF15F153A956470DAD1392A5 /* /Users/dangxiaobin/Desktop/github/myOpengl/src/1.getting_started/1.1.hello_window/hello_window.cpp */ = {isa = PBXFileReference; explicitFileType = sourcecode.cpp.cpp; fileEncoding = 4; name = hello_window.cpp; path = src/1.getting_started/1.1.hello_window/hello_window.cpp; sourceTree = SOURCE_ROOT; };
/* End PBXFileReference section */

/* Begin PBXGroup section */
		039F4D2D11F34733A4947F8D /* CMake Rules */ = {
			isa = PBXGroup;
			children = (
			);
			name = "CMake Rules";
			sourceTree = "<group>";
		};
		290B04ACAC9C4F64B342738A /* GLAD */ = {
			isa = PBXGroup;
			children = (
				CF6C3B76DF3143C9901D47F7 /* Source Files */,
				1BE3CECE5F014AA3BC4464F1 /* /Users/dangxiaobin/Desktop/github/myOpengl/CMakeLists.txt */,
			);
			name = GLAD;
			sourceTree = "<group>";
		};
		312E2339CC2C42B38268E3C0 /* Products */ = {
			isa = PBXGroup;
			children = (
				45DE3BDD0D144492844AAC54 /* 1.getting_started__1.1.hello_window */,
				0BB406388BC241168F2D5445 /* GLAD */,
				58186351E0B94383BB0FA1FB /* STB_IMAGE */,
			);
			name = Products;
			sourceTree = "<group>";
		};
		5841BD3EBBEA4D73BA5A21F2 = {
			isa = PBXGroup;
			children = (
				9C5527F31B9845FD90D90D98 /* 1.getting_started__1.1.hello_window */,
				290B04ACAC9C4F64B342738A /* GLAD */,
				A9520E1179984F849B43AEEC /* STB_IMAGE */,
				DF1F3351F0B745DEA82759B9 /* ALL_BUILD */,
				A146FE17BAE6445B924369CF /* ZERO_CHECK */,
				312E2339CC2C42B38268E3C0 /* Products */,
			);
			sourceTree = "<group>";
		};
		7199286D82834ADEA5C3DE55 /* Source Files */ = {
			isa = PBXGroup;
			children = (
				3282BB3E94D64C7E980CAEE3 /* /Users/dangxiaobin/Desktop/github/myOpengl/src/stb_image.cpp */,
			);
			name = "Source Files";
			sourceTree = "<group>";
		};
		9C5527F31B9845FD90D90D98 /* 1.getting_started__1.1.hello_window */ = {
			isa = PBXGroup;
			children = (
				BD40BCC6980142E8BE6B36F2 /* Header Files */,
				C1B96B92147D4FC1BA246F96 /* Source Files */,
				507B64CB31204F0BA6A4B60F /* /Users/dangxiaobin/Desktop/github/myOpengl/CMakeLists.txt */,
				811A301B772145219080DE6B /* /Users/dangxiaobin/Desktop/github/myOpengl/src/1.getting_started/1.1.hello_window/cube.vs */,
				377E6BDE0EA44E5097B212C3 /* /Users/dangxiaobin/Desktop/github/myOpengl/src/1.getting_started/1.1.hello_window/fs.fs */,
				524247B75D1049BDB06CEAA9 /* /Users/dangxiaobin/Desktop/github/myOpengl/src/1.getting_started/1.1.hello_window/light.fs */,
				806D1C2F920947C38C511F43 /* /Users/dangxiaobin/Desktop/github/myOpengl/src/1.getting_started/1.1.hello_window/light.vs */,
				C3D5F7163A6A41758155F6A0 /* /Users/dangxiaobin/Desktop/github/myOpengl/src/1.getting_started/1.1.hello_window/vs.vs */,
			);
			name = 1.getting_started__1.1.hello_window;
			sourceTree = "<group>";
		};
		A146FE17BAE6445B924369CF /* ZERO_CHECK */ = {
			isa = PBXGroup;
			children = (
				039F4D2D11F34733A4947F8D /* CMake Rules */,
				9DCB906B209849E58F478728 /* /Users/dangxiaobin/Desktop/github/myOpengl/CMakeLists.txt */,
			);
			name = ZERO_CHECK;
			sourceTree = "<group>";
		};
		A9520E1179984F849B43AEEC /* STB_IMAGE */ = {
			isa = PBXGroup;
			children = (
				7199286D82834ADEA5C3DE55 /* Source Files */,
				8181747E2C6E4C3CB86331CC /* /Users/dangxiaobin/Desktop/github/myOpengl/CMakeLists.txt */,
			);
			name = STB_IMAGE;
			sourceTree = "<group>";
		};
		BD40BCC6980142E8BE6B36F2 /* Header Files */ = {
			isa = PBXGroup;
			children = (
				E130C044AD6D4ADCAD194378 /* /Users/dangxiaobin/Desktop/github/myOpengl/src/1.getting_started/1.1.hello_window/asset.h */,
				AD94E016F1EE49FD9BDCFCA2 /* /Users/dangxiaobin/Desktop/github/myOpengl/src/1.getting_started/1.1.hello_window/file_unix.h */,
				3EF6B56E89114C86BD4052A1 /* /Users/dangxiaobin/Desktop/github/myOpengl/src/1.getting_started/1.1.hello_window/file_util.h */,
				FD6BB5416F7046E897DC04C0 /* /Users/dangxiaobin/Desktop/github/myOpengl/src/1.getting_started/1.1.hello_window/logger.h */,
				DB4A133513BF4A5A88353713 /* /Users/dangxiaobin/Desktop/github/myOpengl/src/1.getting_started/1.1.hello_window/math_inc.h */,
				E4F5EF9E7E1F40A785E3C58F /* /Users/dangxiaobin/Desktop/github/myOpengl/src/1.getting_started/1.1.hello_window/resource.h */,
				71CA28AAEE0E4EA8896ABB76 /* /Users/dangxiaobin/Desktop/github/myOpengl/src/1.getting_started/1.1.hello_window/shader.h */,
				DE43E3B22DFB4AE4A758E016 /* /Users/dangxiaobin/Desktop/github/myOpengl/src/1.getting_started/1.1.hello_window/texture.h */,
				94AA176501FF461CB0C0A45A /* /Users/dangxiaobin/Desktop/github/myOpengl/src/1.getting_started/1.1.hello_window/types.h */,
			);
			name = "Header Files";
			sourceTree = "<group>";
		};
		C1B96B92147D4FC1BA246F96 /* Source Files */ = {
			isa = PBXGroup;
			children = (
				6D09024804D24574A5D5FB23 /* /Users/dangxiaobin/Desktop/github/myOpengl/src/1.getting_started/1.1.hello_window/asset.cpp */,
				46342E67C3E74A6197048D02 /* /Users/dangxiaobin/Desktop/github/myOpengl/src/1.getting_started/1.1.hello_window/file_unix.cpp */,
				81C787793C7644AA9542E58A /* /Users/dangxiaobin/Desktop/github/myOpengl/src/1.getting_started/1.1.hello_window/file_util.cpp */,
				FF15F153A956470DAD1392A5 /* /Users/dangxiaobin/Desktop/github/myOpengl/src/1.getting_started/1.1.hello_window/hello_window.cpp */,
				AC6228C471EE48F3A91B0A58 /* /Users/dangxiaobin/Desktop/github/myOpengl/src/1.getting_started/1.1.hello_window/math_inc.cpp */,
				8AC403DBCAB64E3D9C32EC7D /* /Users/dangxiaobin/Desktop/github/myOpengl/src/1.getting_started/1.1.hello_window/resource.cpp */,
				FE1FF69463A64F8FBC132ADE /* /Users/dangxiaobin/Desktop/github/myOpengl/src/1.getting_started/1.1.hello_window/shader.cpp */,
				9E6055B505494319AA547313 /* /Users/dangxiaobin/Desktop/github/myOpengl/src/1.getting_started/1.1.hello_window/texture.cpp */,
			);
			name = "Source Files";
			sourceTree = "<group>";
		};
		CF6C3B76DF3143C9901D47F7 /* Source Files */ = {
			isa = PBXGroup;
			children = (
				037050CEF9F249F9A0F238EC /* /Users/dangxiaobin/Desktop/github/myOpengl/src/glad.c */,
			);
			name = "Source Files";
			sourceTree = "<group>";
		};
		DF1F3351F0B745DEA82759B9 /* ALL_BUILD */ = {
			isa = PBXGroup;
			children = (
				DF80F49172DC44DE9C66EB6F /* CMake Rules */,
				4872E187830F451C8FC8691A /* /Users/dangxiaobin/Desktop/github/myOpengl/CMakeLists.txt */,
			);
			name = ALL_BUILD;
			sourceTree = "<group>";
		};
		DF80F49172DC44DE9C66EB6F /* CMake Rules */ = {
			isa = PBXGroup;
			children = (
			);
			name = "CMake Rules";
			sourceTree = "<group>";
		};
/* End PBXGroup section */

/* Begin PBXNativeTarget section */
		02957BFE757B444B9C9B4BDB /* GLAD */ = {
			isa = PBXNativeTarget;
			buildConfigurationList = C599A2A862A64B66BC264664 /* Build configuration list for PBXNativeTarget "GLAD" */;
			buildPhases = (
				6A927C6E14BE4E87A71156B2 /* Sources */,
			);
			buildRules = (
			);
			dependencies = (
				1E72DFE36B1F4552A7822D2F /* PBXTargetDependency */,
			);
			name = GLAD;
			productName = GLAD;
			productReference = 0BB406388BC241168F2D5445 /* GLAD */;
			productType = "com.apple.product-type.library.static";
		};
		5102D5981A1E4F5DA5F88D23 /* STB_IMAGE */ = {
			isa = PBXNativeTarget;
			buildConfigurationList = 6D5C40DAA06345C8A35222F8 /* Build configuration list for PBXNativeTarget "STB_IMAGE" */;
			buildPhases = (
				5272692A0CCE459EB6D98046 /* Sources */,
			);
			buildRules = (
			);
			dependencies = (
				C7E7B6C5782B4E6A91622AE0 /* PBXTargetDependency */,
			);
			name = STB_IMAGE;
			productName = STB_IMAGE;
			productReference = 58186351E0B94383BB0FA1FB /* STB_IMAGE */;
			productType = "com.apple.product-type.library.static";
		};
		F373FFD2B4E14903898C65D7 /* 1.getting_started__1.1.hello_window */ = {
			isa = PBXNativeTarget;
			buildConfigurationList = 6CE977F6A6CD43D195928803 /* Build configuration list for PBXNativeTarget "1.getting_started__1.1.hello_window" */;
			buildPhases = (
				51087D5942E94C1CBF791452 /* Sources */,
				B3465A8595A94F1E9A03A76D /* CMake PostBuild Rules */,
			);
			buildRules = (
			);
			dependencies = (
				0DD60D52D3C54DCF9343EB4A /* PBXTargetDependency */,
				687E169A06D94A6F9437B46C /* PBXTargetDependency */,
				1B6871FC36C94A21A4C8079F /* PBXTargetDependency */,
			);
			name = 1.getting_started__1.1.hello_window;
			productName = 1.getting_started__1.1.hello_window;
			productReference = 45DE3BDD0D144492844AAC54 /* 1.getting_started__1.1.hello_window */;
			productType = "com.apple.product-type.tool";
		};
/* End PBXNativeTarget section */

/* Begin PBXProject section */
		5C78E47978074F5295605DE1 /* Project object */ = {
			isa = PBXProject;
			attributes = {
				BuildIndependentTargetsInParallel = YES;
				LastUpgradeCheck = 1010;
			};
			buildConfigurationList = 556832473CEC4CE380CC9089 /* Build configuration list for PBXProject "LearnOpengl" */;
			buildSettings = {
			};
			buildStyles = (
				BD9CDAD6B9394F089501B4F1 /* Debug */,
				E2D1C25DD0F54FFC9AB8E971 /* Release */,
				2FF42742DF1841B582F2D9F2 /* MinSizeRel */,
				FE3CE176D833407785BF0797 /* RelWithDebInfo */,
			);
			compatibilityVersion = "Xcode 3.2";
			hasScannedForEncodings = 0;
			mainGroup = 5841BD3EBBEA4D73BA5A21F2;
			projectDirPath = ../;
			projectRoot = "";
			targets = (
				F2217CC5723F43D784F612FF /* ALL_BUILD */,
				F373FFD2B4E14903898C65D7 /* 1.getting_started__1.1.hello_window */,
				02957BFE757B444B9C9B4BDB /* GLAD */,
				5102D5981A1E4F5DA5F88D23 /* STB_IMAGE */,
				1F95AD2361644FC3804C7EDB /* ZERO_CHECK */,
			);
		};
/* End PBXProject section */

/* Begin PBXShellScriptBuildPhase section */
		785F5E14BE284282A52374EE = {
			isa = PBXShellScriptBuildPhase;
			buildActionMask = 2147483647;
			files = (
			);
			inputPaths = (
			);
			outputPaths = (
			);
			runOnlyForDeploymentPostprocessing = 0;
			shellPath = /bin/sh;
			shellScript = "# shell script goes here
exit 0";
			showEnvVarsInLog = 0;
		};
		8F628ECE7E7E4E4F9E3D2AA4 /* CMake Rules */ = {
			isa = PBXShellScriptBuildPhase;
			buildActionMask = 2147483647;
			files = (
			);
			name = "CMake Rules";
			runOnlyForDeploymentPostprocessing = 0;
			shellPath = /bin/sh;
			shellScript = "make -C /Users/dangxiaobin/Desktop/github/myOpengl/xcode -f /Users/dangxiaobin/Desktop/github/myOpengl/xcode/CMakeScripts/ZERO_CHECK_cmakeRulesBuildPhase.make$CONFIGURATION all";
			showEnvVarsInLog = 0;
		};
		A2688D0476AD421AAA16A2FD /* CMake Rules */ = {
			isa = PBXShellScriptBuildPhase;
			buildActionMask = 2147483647;
			files = (
			);
			name = "CMake Rules";
			runOnlyForDeploymentPostprocessing = 0;
			shellPath = /bin/sh;
			shellScript = "make -C /Users/dangxiaobin/Desktop/github/myOpengl/xcode -f /Users/dangxiaobin/Desktop/github/myOpengl/xcode/CMakeScripts/ALL_BUILD_cmakeRulesBuildPhase.make$CONFIGURATION all";
			showEnvVarsInLog = 0;
		};
		B3465A8595A94F1E9A03A76D /* CMake PostBuild Rules */ = {
			isa = PBXShellScriptBuildPhase;
			buildActionMask = 2147483647;
			files = (
			);
			name = "CMake PostBuild Rules";
			runOnlyForDeploymentPostprocessing = 0;
			shellPath = /bin/sh;
			shellScript = "make -C /Users/dangxiaobin/Desktop/github/myOpengl/xcode -f /Users/dangxiaobin/Desktop/github/myOpengl/xcode/CMakeScripts/1.getting_started__1.1.hello_window_postBuildPhase.make$CONFIGURATION all";
			showEnvVarsInLog = 0;
		};
		BA5914BC18DD4BBB9E71963A = {
			isa = PBXShellScriptBuildPhase;
			buildActionMask = 2147483647;
			files = (
			);
			inputPaths = (
			);
			outputPaths = (
			);
			runOnlyForDeploymentPostprocessing = 0;
			shellPath = /bin/sh;
			shellScript = "# shell script goes here
exit 0";
			showEnvVarsInLog = 0;
		};
/* End PBXShellScriptBuildPhase section */

/* Begin PBXSourcesBuildPhase section */
		51087D5942E94C1CBF791452 /* Sources */ = {
			isa = PBXSourcesBuildPhase;
			buildActionMask = 2147483647;
			files = (
				FA022EF5DE9F4682BECEAFF1 /* /Users/dangxiaobin/Desktop/github/myOpengl/src/1.getting_started/1.1.hello_window/asset.cpp */,
				F1BB01AD67464E4EA4F4175A /* /Users/dangxiaobin/Desktop/github/myOpengl/src/1.getting_started/1.1.hello_window/file_unix.cpp */,
				AE473AF552524D6BA7EFA7C8 /* /Users/dangxiaobin/Desktop/github/myOpengl/src/1.getting_started/1.1.hello_window/file_util.cpp */,
				EC282944F4A44884B6483892 /* /Users/dangxiaobin/Desktop/github/myOpengl/src/1.getting_started/1.1.hello_window/hello_window.cpp */,
				C641D23644074DC0824C11D0 /* /Users/dangxiaobin/Desktop/github/myOpengl/src/1.getting_started/1.1.hello_window/math_inc.cpp */,
				6217CAF7A5754680B7FBF521 /* /Users/dangxiaobin/Desktop/github/myOpengl/src/1.getting_started/1.1.hello_window/resource.cpp */,
				B76F42C0E1C54594AC87723C /* /Users/dangxiaobin/Desktop/github/myOpengl/src/1.getting_started/1.1.hello_window/shader.cpp */,
				3B2EF1C2679542FABB3752AF /* /Users/dangxiaobin/Desktop/github/myOpengl/src/1.getting_started/1.1.hello_window/texture.cpp */,
			);
			runOnlyForDeploymentPostprocessing = 0;
		};
		5272692A0CCE459EB6D98046 /* Sources */ = {
			isa = PBXSourcesBuildPhase;
			buildActionMask = 2147483647;
			files = (
				E09C2B8ADFB24A08B51FA171 /* /Users/dangxiaobin/Desktop/github/myOpengl/src/stb_image.cpp */,
			);
			runOnlyForDeploymentPostprocessing = 0;
		};
		6A927C6E14BE4E87A71156B2 /* Sources */ = {
			isa = PBXSourcesBuildPhase;
			buildActionMask = 2147483647;
			files = (
				2B1B2991E983481893A47007 /* /Users/dangxiaobin/Desktop/github/myOpengl/src/glad.c */,
			);
			runOnlyForDeploymentPostprocessing = 0;
		};
/* End PBXSourcesBuildPhase section */

/* Begin PBXTargetDependency section */
		0DD60D52D3C54DCF9343EB4A /* PBXTargetDependency */ = {
			isa = PBXTargetDependency;
			target = 02957BFE757B444B9C9B4BDB /* GLAD */;
			targetProxy = F9BEA9B9535446E5B779A413 /* PBXContainerItemProxy */;
		};
		1B6871FC36C94A21A4C8079F /* PBXTargetDependency */ = {
			isa = PBXTargetDependency;
			target = 1F95AD2361644FC3804C7EDB /* ZERO_CHECK */;
			targetProxy = 4AC5298A06804F3BB554804C /* PBXContainerItemProxy */;
		};
		1E72DFE36B1F4552A7822D2F /* PBXTargetDependency */ = {
			isa = PBXTargetDependency;
			target = 1F95AD2361644FC3804C7EDB /* ZERO_CHECK */;
			targetProxy = BF629C4938C04F6799EDE11A /* PBXContainerItemProxy */;
		};
		33981304D8D449A993EA969E /* PBXTargetDependency */ = {
			isa = PBXTargetDependency;
			target = 02957BFE757B444B9C9B4BDB /* GLAD */;
			targetProxy = CC97890108C74BD1B0E024D8 /* PBXContainerItemProxy */;
		};
		6428FE68DADA44F18EE25647 /* PBXTargetDependency */ = {
			isa = PBXTargetDependency;
			target = 5102D5981A1E4F5DA5F88D23 /* STB_IMAGE */;
			targetProxy = 13CE84C6DD0046ECBD7CBB01 /* PBXContainerItemProxy */;
		};
		65FEA71652564E319F3E4B91 /* PBXTargetDependency */ = {
			isa = PBXTargetDependency;
			target = 1F95AD2361644FC3804C7EDB /* ZERO_CHECK */;
			targetProxy = ED0E4DA0136D44D899D7F077 /* PBXContainerItemProxy */;
		};
		687E169A06D94A6F9437B46C /* PBXTargetDependency */ = {
			isa = PBXTargetDependency;
			target = 5102D5981A1E4F5DA5F88D23 /* STB_IMAGE */;
			targetProxy = 603D1B634BB34F7B87C127A5 /* PBXContainerItemProxy */;
		};
		C7E7B6C5782B4E6A91622AE0 /* PBXTargetDependency */ = {
			isa = PBXTargetDependency;
			target = 1F95AD2361644FC3804C7EDB /* ZERO_CHECK */;
			targetProxy = ADCB55059DF94204822A0DAF /* PBXContainerItemProxy */;
		};
		D1665C3EE9D94957BAF80DDC /* PBXTargetDependency */ = {
			isa = PBXTargetDependency;
			target = F373FFD2B4E14903898C65D7 /* 1.getting_started__1.1.hello_window */;
			targetProxy = 5F79BFFC671348718EDAD71C /* PBXContainerItemProxy */;
		};
/* End PBXTargetDependency section */

/* Begin XCBuildConfiguration section */
		0F25E2F4DFC64A8CA672BC10 /* Debug */ = {
			isa = XCBuildConfiguration;
			buildSettings = {
				COMBINE_HIDPI_IMAGES = YES;
				GCC_GENERATE_DEBUGGING_SYMBOLS = YES;
				GCC_INLINES_ARE_PRIVATE_EXTERN = NO;
				GCC_OPTIMIZATION_LEVEL = 0;
				GCC_PREPROCESSOR_DEFINITIONS = ("'CMAKE_INTDIR=\"$(CONFIGURATION)$(EFFECTIVE_PLATFORM_NAME)\"'");
				GCC_SYMBOLS_PRIVATE_EXTERN = NO;
				HEADER_SEARCH_PATHS = (/System/Library/Frameworks,/Users/dangxiaobin/Desktop/github/myOpengl/xcode/configuration,/Users/dangxiaobin/Desktop/github/myOpengl/includes);
				INSTALL_PATH = "";
				OTHER_LDFLAGS = " ";
				OTHER_REZFLAGS = "";
				PRODUCT_NAME = ZERO_CHECK;
				SECTORDER_FLAGS = "";
				SYMROOT = /Users/dangxiaobin/Desktop/github/myOpengl/xcode;
				USE_HEADERMAP = NO;
				WARNING_CFLAGS = ("-Wmost","-Wno-four-char-constants","-Wno-unknown-pragmas","$(inherited)");
			};
			name = Debug;
		};
		12015D201265404CB0CD6588 /* Debug */ = {
			isa = XCBuildConfiguration;
			buildSettings = {
				COMBINE_HIDPI_IMAGES = YES;
				EXECUTABLE_PREFIX = lib;
				EXECUTABLE_SUFFIX = .a;
				GCC_GENERATE_DEBUGGING_SYMBOLS = YES;
				GCC_INLINES_ARE_PRIVATE_EXTERN = NO;
				GCC_OPTIMIZATION_LEVEL = 0;
				GCC_PREPROCESSOR_DEFINITIONS = ("'CMAKE_INTDIR=\"$(CONFIGURATION)$(EFFECTIVE_PLATFORM_NAME)\"'");
				GCC_SYMBOLS_PRIVATE_EXTERN = NO;
				HEADER_SEARCH_PATHS = (/System/Library/Frameworks,/Users/dangxiaobin/Desktop/github/myOpengl/xcode/configuration,/Users/dangxiaobin/Desktop/github/myOpengl/includes);
				INSTALL_PATH = "";
				LIBRARY_STYLE = STATIC;
				OTHER_CFLAGS = "    ";
				OTHER_LIBTOOLFLAGS = " ";
				OTHER_REZFLAGS = "";
				PRODUCT_NAME = GLAD;
				SECTORDER_FLAGS = "";
				SYMROOT = /Users/dangxiaobin/Desktop/github/myOpengl/xcode;
				USE_HEADERMAP = NO;
				WARNING_CFLAGS = ("-Wmost","-Wno-four-char-constants","-Wno-unknown-pragmas","$(inherited)");
			};
			name = Debug;
		};
		2F15E899D0034462B827EA53 /* Debug */ = {
			isa = XCBuildConfiguration;
			buildSettings = {
				COMBINE_HIDPI_IMAGES = YES;
				GCC_GENERATE_DEBUGGING_SYMBOLS = YES;
				GCC_INLINES_ARE_PRIVATE_EXTERN = NO;
				GCC_OPTIMIZATION_LEVEL = 0;
				GCC_PREPROCESSOR_DEFINITIONS = ("'CMAKE_INTDIR=\"$(CONFIGURATION)$(EFFECTIVE_PLATFORM_NAME)\"'");
				GCC_SYMBOLS_PRIVATE_EXTERN = NO;
				HEADER_SEARCH_PATHS = (/System/Library/Frameworks,/Users/dangxiaobin/Desktop/github/myOpengl/xcode/configuration,/Users/dangxiaobin/Desktop/github/myOpengl/includes);
				INSTALL_PATH = "";
				OTHER_LDFLAGS = " ";
				OTHER_REZFLAGS = "";
				PRODUCT_NAME = ALL_BUILD;
				SECTORDER_FLAGS = "";
				SYMROOT = /Users/dangxiaobin/Desktop/github/myOpengl/xcode;
				USE_HEADERMAP = NO;
				WARNING_CFLAGS = ("-Wmost","-Wno-four-char-constants","-Wno-unknown-pragmas","$(inherited)");
			};
			name = Debug;
		};
		3752EF88CD5B4801A0BFCC57 /* RelWithDebInfo */ = {
			isa = XCBuildConfiguration;
			buildSettings = {
				COMBINE_HIDPI_IMAGES = YES;
				CONFIGURATION_BUILD_DIR = /Users/dangxiaobin/Desktop/github/myOpengl/xcode/bin/1.getting_started/RelWithDebInfo;
				EXECUTABLE_PREFIX = "";
				EXECUTABLE_SUFFIX = "";
				GCC_GENERATE_DEBUGGING_SYMBOLS = YES;
				GCC_INLINES_ARE_PRIVATE_EXTERN = NO;
				GCC_OPTIMIZATION_LEVEL = 2;
				GCC_PREPROCESSOR_DEFINITIONS = ("'CMAKE_INTDIR=\"$(CONFIGURATION)$(EFFECTIVE_PLATFORM_NAME)\"'");
				GCC_SYMBOLS_PRIVATE_EXTERN = NO;
				HEADER_SEARCH_PATHS = (/System/Library/Frameworks,/Users/dangxiaobin/Desktop/github/myOpengl/xcode/configuration,/Users/dangxiaobin/Desktop/github/myOpengl/includes);
				INSTALL_PATH = "";
				LD_RUNPATH_SEARCH_PATHS = /Users/dangxiaobin/Desktop/github/myOpengl/lib;
				LIBRARY_SEARCH_PATHS = " /Users/dangxiaobin/Desktop/github/myOpengl/lib/$(CONFIGURATION)$(EFFECTIVE_PLATFORM_NAME) /Users/dangxiaobin/Desktop/github/myOpengl/lib";
				OTHER_CPLUSPLUSFLAGS = "-std=c++11        -DNDEBUG  ";
				OTHER_LDFLAGS = " -Wl,-search_paths_first -Wl,-headerpad_max_install_names  -framework Cocoa -framework IOKit -framework OpenGL -framework CoreVideo /usr/local/lib/libglfw.dylib /usr/local/lib/libassimp.dylib /Users/dangxiaobin/Desktop/github/myOpengl/xcode/RelWithDebInfo/libSTB_IMAGE.a /Users/dangxiaobin/Desktop/github/myOpengl/xcode/RelWithDebInfo/libGLAD.a";
				OTHER_REZFLAGS = "";
				PRODUCT_NAME = 1.getting_started__1.1.hello_window;
				SECTORDER_FLAGS = "";
				SYMROOT = /Users/dangxiaobin/Desktop/github/myOpengl/xcode;
				USE_HEADERMAP = NO;
				WARNING_CFLAGS = ("-Wmost","-Wno-four-char-constants","-Wno-unknown-pragmas","$(inherited)");
			};
			name = RelWithDebInfo;
		};
		47D8512478C94AA6B3499BA0 /* Release */ = {
			isa = XCBuildConfiguration;
			buildSettings = {
				COMBINE_HIDPI_IMAGES = YES;
				EXECUTABLE_PREFIX = lib;
				EXECUTABLE_SUFFIX = .a;
				GCC_GENERATE_DEBUGGING_SYMBOLS = NO;
				GCC_INLINES_ARE_PRIVATE_EXTERN = NO;
				GCC_OPTIMIZATION_LEVEL = 3;
				GCC_PREPROCESSOR_DEFINITIONS = ("'CMAKE_INTDIR=\"$(CONFIGURATION)$(EFFECTIVE_PLATFORM_NAME)\"'");
				GCC_SYMBOLS_PRIVATE_EXTERN = NO;
				HEADER_SEARCH_PATHS = (/System/Library/Frameworks,/Users/dangxiaobin/Desktop/github/myOpengl/xcode/configuration,/Users/dangxiaobin/Desktop/github/myOpengl/includes);
				INSTALL_PATH = "";
				LIBRARY_STYLE = STATIC;
				OTHER_CPLUSPLUSFLAGS = "-std=c++11     -DNDEBUG  ";
				OTHER_LIBTOOLFLAGS = " ";
				OTHER_REZFLAGS = "";
				PRODUCT_NAME = STB_IMAGE;
				SECTORDER_FLAGS = "";
				SYMROOT = /Users/dangxiaobin/Desktop/github/myOpengl/xcode;
				USE_HEADERMAP = NO;
				WARNING_CFLAGS = ("-Wmost","-Wno-four-char-constants","-Wno-unknown-pragmas","$(inherited)");
			};
			name = Release;
		};
		540202209EE946429169A9FE /* Release */ = {
			isa = XCBuildConfiguration;
			buildSettings = {
				ONLY_ACTIVE_ARCH = YES;
				SDKROOT = /Applications/Xcode.app/Contents/Developer/Platforms/MacOSX.platform/Developer/SDKs/MacOSX10.14.sdk;
				SYMROOT = /Users/dangxiaobin/Desktop/github/myOpengl/xcode/build;
			};
			name = Release;
		};
		756408D1B5B14CA2813FDC2E /* RelWithDebInfo */ = {
			isa = XCBuildConfiguration;
			buildSettings = {
				COMBINE_HIDPI_IMAGES = YES;
				EXECUTABLE_PREFIX = lib;
				EXECUTABLE_SUFFIX = .a;
				GCC_GENERATE_DEBUGGING_SYMBOLS = YES;
				GCC_INLINES_ARE_PRIVATE_EXTERN = NO;
				GCC_OPTIMIZATION_LEVEL = 2;
				GCC_PREPROCESSOR_DEFINITIONS = ("'CMAKE_INTDIR=\"$(CONFIGURATION)$(EFFECTIVE_PLATFORM_NAME)\"'");
				GCC_SYMBOLS_PRIVATE_EXTERN = NO;
				HEADER_SEARCH_PATHS = (/System/Library/Frameworks,/Users/dangxiaobin/Desktop/github/myOpengl/xcode/configuration,/Users/dangxiaobin/Desktop/github/myOpengl/includes);
				INSTALL_PATH = "";
				LIBRARY_STYLE = STATIC;
				OTHER_CFLAGS = "       -DNDEBUG  ";
				OTHER_LIBTOOLFLAGS = " ";
				OTHER_REZFLAGS = "";
				PRODUCT_NAME = GLAD;
				SECTORDER_FLAGS = "";
				SYMROOT = /Users/dangxiaobin/Desktop/github/myOpengl/xcode;
				USE_HEADERMAP = NO;
				WARNING_CFLAGS = ("-Wmost","-Wno-four-char-constants","-Wno-unknown-pragmas","$(inherited)");
			};
			name = RelWithDebInfo;
		};
		8352D2BB0F394B3C80F1A5D5 /* Debug */ = {
			isa = XCBuildConfiguration;
			buildSettings = {
				ONLY_ACTIVE_ARCH = YES;
				SDKROOT = /Applications/Xcode.app/Contents/Developer/Platforms/MacOSX.platform/Developer/SDKs/MacOSX10.14.sdk;
				SYMROOT = /Users/dangxiaobin/Desktop/github/myOpengl/xcode/build;
			};
			name = Debug;
		};
		8808E4A553D5465BA4EB41A2 /* MinSizeRel */ = {
			isa = XCBuildConfiguration;
			buildSettings = {
				COMBINE_HIDPI_IMAGES = YES;
				CONFIGURATION_BUILD_DIR = /Users/dangxiaobin/Desktop/github/myOpengl/xcode/bin/1.getting_started/MinSizeRel;
				EXECUTABLE_PREFIX = "";
				EXECUTABLE_SUFFIX = "";
				GCC_GENERATE_DEBUGGING_SYMBOLS = NO;
				GCC_INLINES_ARE_PRIVATE_EXTERN = NO;
				GCC_OPTIMIZATION_LEVEL = s;
				GCC_PREPROCESSOR_DEFINITIONS = ("'CMAKE_INTDIR=\"$(CONFIGURATION)$(EFFECTIVE_PLATFORM_NAME)\"'");
				GCC_SYMBOLS_PRIVATE_EXTERN = NO;
				HEADER_SEARCH_PATHS = (/System/Library/Frameworks,/Users/dangxiaobin/Desktop/github/myOpengl/xcode/configuration,/Users/dangxiaobin/Desktop/github/myOpengl/includes);
				INSTALL_PATH = "";
				LD_RUNPATH_SEARCH_PATHS = /Users/dangxiaobin/Desktop/github/myOpengl/lib;
				LIBRARY_SEARCH_PATHS = " /Users/dangxiaobin/Desktop/github/myOpengl/lib/$(CONFIGURATION)$(EFFECTIVE_PLATFORM_NAME) /Users/dangxiaobin/Desktop/github/myOpengl/lib";
				OTHER_CPLUSPLUSFLAGS = "-std=c++11     -DNDEBUG  ";
				OTHER_LDFLAGS = " -Wl,-search_paths_first -Wl,-headerpad_max_install_names  -framework Cocoa -framework IOKit -framework OpenGL -framework CoreVideo /usr/local/lib/libglfw.dylib /usr/local/lib/libassimp.dylib /Users/dangxiaobin/Desktop/github/myOpengl/xcode/MinSizeRel/libSTB_IMAGE.a /Users/dangxiaobin/Desktop/github/myOpengl/xcode/MinSizeRel/libGLAD.a";
				OTHER_REZFLAGS = "";
				PRODUCT_NAME = 1.getting_started__1.1.hello_window;
				SECTORDER_FLAGS = "";
				SYMROOT = /Users/dangxiaobin/Desktop/github/myOpengl/xcode;
				USE_HEADERMAP = NO;
				WARNING_CFLAGS = ("-Wmost","-Wno-four-char-constants","-Wno-unknown-pragmas","$(inherited)");
			};
			name = MinSizeRel;
		};
		9568761B4C194CD18723AC34 /* MinSizeRel */ = {
			isa = XCBuildConfiguration;
			buildSettings = {
				COMBINE_HIDPI_IMAGES = YES;
				GCC_GENERATE_DEBUGGING_SYMBOLS = YES;
				GCC_INLINES_ARE_PRIVATE_EXTERN = NO;
				GCC_OPTIMIZATION_LEVEL = 0;
				GCC_PREPROCESSOR_DEFINITIONS = ("'CMAKE_INTDIR=\"$(CONFIGURATION)$(EFFECTIVE_PLATFORM_NAME)\"'");
				GCC_SYMBOLS_PRIVATE_EXTERN = NO;
				HEADER_SEARCH_PATHS = (/System/Library/Frameworks,/Users/dangxiaobin/Desktop/github/myOpengl/xcode/configuration,/Users/dangxiaobin/Desktop/github/myOpengl/includes);
				INSTALL_PATH = "";
				OTHER_LDFLAGS = " ";
				OTHER_REZFLAGS = "";
				PRODUCT_NAME = ALL_BUILD;
				SECTORDER_FLAGS = "";
				SYMROOT = /Users/dangxiaobin/Desktop/github/myOpengl/xcode;
				USE_HEADERMAP = NO;
				WARNING_CFLAGS = ("-Wmost","-Wno-four-char-constants","-Wno-unknown-pragmas","$(inherited)");
			};
			name = MinSizeRel;
		};
		A2446680DB6F4F77A01C9A79 /* RelWithDebInfo */ = {
			isa = XCBuildConfiguration;
			buildSettings = {
				ONLY_ACTIVE_ARCH = YES;
				SDKROOT = /Applications/Xcode.app/Contents/Developer/Platforms/MacOSX.platform/Developer/SDKs/MacOSX10.14.sdk;
				SYMROOT = /Users/dangxiaobin/Desktop/github/myOpengl/xcode/build;
			};
			name = RelWithDebInfo;
		};
		A4AFF3E355DB49FEBC5D63D4 /* RelWithDebInfo */ = {
			isa = XCBuildConfiguration;
			buildSettings = {
				COMBINE_HIDPI_IMAGES = YES;
				GCC_GENERATE_DEBUGGING_SYMBOLS = YES;
				GCC_INLINES_ARE_PRIVATE_EXTERN = NO;
				GCC_OPTIMIZATION_LEVEL = 0;
				GCC_PREPROCESSOR_DEFINITIONS = ("'CMAKE_INTDIR=\"$(CONFIGURATION)$(EFFECTIVE_PLATFORM_NAME)\"'");
				GCC_SYMBOLS_PRIVATE_EXTERN = NO;
				HEADER_SEARCH_PATHS = (/System/Library/Frameworks,/Users/dangxiaobin/Desktop/github/myOpengl/xcode/configuration,/Users/dangxiaobin/Desktop/github/myOpengl/includes);
				INSTALL_PATH = "";
				OTHER_LDFLAGS = " ";
				OTHER_REZFLAGS = "";
				PRODUCT_NAME = ALL_BUILD;
				SECTORDER_FLAGS = "";
				SYMROOT = /Users/dangxiaobin/Desktop/github/myOpengl/xcode;
				USE_HEADERMAP = NO;
				WARNING_CFLAGS = ("-Wmost","-Wno-four-char-constants","-Wno-unknown-pragmas","$(inherited)");
			};
			name = RelWithDebInfo;
		};
		A70E485F33B74DD399FFAD47 /* Release */ = {
			isa = XCBuildConfiguration;
			buildSettings = {
				COMBINE_HIDPI_IMAGES = YES;
				GCC_GENERATE_DEBUGGING_SYMBOLS = YES;
				GCC_INLINES_ARE_PRIVATE_EXTERN = NO;
				GCC_OPTIMIZATION_LEVEL = 0;
				GCC_PREPROCESSOR_DEFINITIONS = ("'CMAKE_INTDIR=\"$(CONFIGURATION)$(EFFECTIVE_PLATFORM_NAME)\"'");
				GCC_SYMBOLS_PRIVATE_EXTERN = NO;
				HEADER_SEARCH_PATHS = (/System/Library/Frameworks,/Users/dangxiaobin/Desktop/github/myOpengl/xcode/configuration,/Users/dangxiaobin/Desktop/github/myOpengl/includes);
				INSTALL_PATH = "";
				OTHER_LDFLAGS = " ";
				OTHER_REZFLAGS = "";
				PRODUCT_NAME = ALL_BUILD;
				SECTORDER_FLAGS = "";
				SYMROOT = /Users/dangxiaobin/Desktop/github/myOpengl/xcode;
				USE_HEADERMAP = NO;
				WARNING_CFLAGS = ("-Wmost","-Wno-four-char-constants","-Wno-unknown-pragmas","$(inherited)");
			};
			name = Release;
		};
		A836771985BB4374B84AA9C8 /* Release */ = {
			isa = XCBuildConfiguration;
			buildSettings = {
				COMBINE_HIDPI_IMAGES = YES;
				EXECUTABLE_PREFIX = lib;
				EXECUTABLE_SUFFIX = .a;
				GCC_GENERATE_DEBUGGING_SYMBOLS = NO;
				GCC_INLINES_ARE_PRIVATE_EXTERN = NO;
				GCC_OPTIMIZATION_LEVEL = 3;
				GCC_PREPROCESSOR_DEFINITIONS = ("'CMAKE_INTDIR=\"$(CONFIGURATION)$(EFFECTIVE_PLATFORM_NAME)\"'");
				GCC_SYMBOLS_PRIVATE_EXTERN = NO;
				HEADER_SEARCH_PATHS = (/System/Library/Frameworks,/Users/dangxiaobin/Desktop/github/myOpengl/xcode/configuration,/Users/dangxiaobin/Desktop/github/myOpengl/includes);
				INSTALL_PATH = "";
				LIBRARY_STYLE = STATIC;
				OTHER_CFLAGS = "    -DNDEBUG  ";
				OTHER_LIBTOOLFLAGS = " ";
				OTHER_REZFLAGS = "";
				PRODUCT_NAME = GLAD;
				SECTORDER_FLAGS = "";
				SYMROOT = /Users/dangxiaobin/Desktop/github/myOpengl/xcode;
				USE_HEADERMAP = NO;
				WARNING_CFLAGS = ("-Wmost","-Wno-four-char-constants","-Wno-unknown-pragmas","$(inherited)");
			};
			name = Release;
		};
		AB2EEA23AEEA45FFA698BC9D /* RelWithDebInfo */ = {
			isa = XCBuildConfiguration;
			buildSettings = {
				COMBINE_HIDPI_IMAGES = YES;
				GCC_GENERATE_DEBUGGING_SYMBOLS = YES;
				GCC_INLINES_ARE_PRIVATE_EXTERN = NO;
				GCC_OPTIMIZATION_LEVEL = 0;
				GCC_PREPROCESSOR_DEFINITIONS = ("'CMAKE_INTDIR=\"$(CONFIGURATION)$(EFFECTIVE_PLATFORM_NAME)\"'");
				GCC_SYMBOLS_PRIVATE_EXTERN = NO;
				HEADER_SEARCH_PATHS = (/System/Library/Frameworks,/Users/dangxiaobin/Desktop/github/myOpengl/xcode/configuration,/Users/dangxiaobin/Desktop/github/myOpengl/includes);
				INSTALL_PATH = "";
				OTHER_LDFLAGS = " ";
				OTHER_REZFLAGS = "";
				PRODUCT_NAME = ZERO_CHECK;
				SECTORDER_FLAGS = "";
				SYMROOT = /Users/dangxiaobin/Desktop/github/myOpengl/xcode;
				USE_HEADERMAP = NO;
				WARNING_CFLAGS = ("-Wmost","-Wno-four-char-constants","-Wno-unknown-pragmas","$(inherited)");
			};
			name = RelWithDebInfo;
		};
		B1EA73BCBF6949558D681C99 /* MinSizeRel */ = {
			isa = XCBuildConfiguration;
			buildSettings = {
				COMBINE_HIDPI_IMAGES = YES;
				GCC_GENERATE_DEBUGGING_SYMBOLS = YES;
				GCC_INLINES_ARE_PRIVATE_EXTERN = NO;
				GCC_OPTIMIZATION_LEVEL = 0;
				GCC_PREPROCESSOR_DEFINITIONS = ("'CMAKE_INTDIR=\"$(CONFIGURATION)$(EFFECTIVE_PLATFORM_NAME)\"'");
				GCC_SYMBOLS_PRIVATE_EXTERN = NO;
				HEADER_SEARCH_PATHS = (/System/Library/Frameworks,/Users/dangxiaobin/Desktop/github/myOpengl/xcode/configuration,/Users/dangxiaobin/Desktop/github/myOpengl/includes);
				INSTALL_PATH = "";
				OTHER_LDFLAGS = " ";
				OTHER_REZFLAGS = "";
				PRODUCT_NAME = ZERO_CHECK;
				SECTORDER_FLAGS = "";
				SYMROOT = /Users/dangxiaobin/Desktop/github/myOpengl/xcode;
				USE_HEADERMAP = NO;
				WARNING_CFLAGS = ("-Wmost","-Wno-four-char-constants","-Wno-unknown-pragmas","$(inherited)");
			};
			name = MinSizeRel;
		};
		C8FCD9E7677A47819CE30E51 /* RelWithDebInfo */ = {
			isa = XCBuildConfiguration;
			buildSettings = {
				COMBINE_HIDPI_IMAGES = YES;
				EXECUTABLE_PREFIX = lib;
				EXECUTABLE_SUFFIX = .a;
				GCC_GENERATE_DEBUGGING_SYMBOLS = YES;
				GCC_INLINES_ARE_PRIVATE_EXTERN = NO;
				GCC_OPTIMIZATION_LEVEL = 2;
				GCC_PREPROCESSOR_DEFINITIONS = ("'CMAKE_INTDIR=\"$(CONFIGURATION)$(EFFECTIVE_PLATFORM_NAME)\"'");
				GCC_SYMBOLS_PRIVATE_EXTERN = NO;
				HEADER_SEARCH_PATHS = (/System/Library/Frameworks,/Users/dangxiaobin/Desktop/github/myOpengl/xcode/configuration,/Users/dangxiaobin/Desktop/github/myOpengl/includes);
				INSTALL_PATH = "";
				LIBRARY_STYLE = STATIC;
				OTHER_CPLUSPLUSFLAGS = "-std=c++11        -DNDEBUG  ";
				OTHER_LIBTOOLFLAGS = " ";
				OTHER_REZFLAGS = "";
				PRODUCT_NAME = STB_IMAGE;
				SECTORDER_FLAGS = "";
				SYMROOT = /Users/dangxiaobin/Desktop/github/myOpengl/xcode;
				USE_HEADERMAP = NO;
				WARNING_CFLAGS = ("-Wmost","-Wno-four-char-constants","-Wno-unknown-pragmas","$(inherited)");
			};
			name = RelWithDebInfo;
		};
		D7DB2EFC515745D589F39B65 /* Release */ = {
			isa = XCBuildConfiguration;
			buildSettings = {
				COMBINE_HIDPI_IMAGES = YES;
				GCC_GENERATE_DEBUGGING_SYMBOLS = YES;
				GCC_INLINES_ARE_PRIVATE_EXTERN = NO;
				GCC_OPTIMIZATION_LEVEL = 0;
				GCC_PREPROCESSOR_DEFINITIONS = ("'CMAKE_INTDIR=\"$(CONFIGURATION)$(EFFECTIVE_PLATFORM_NAME)\"'");
				GCC_SYMBOLS_PRIVATE_EXTERN = NO;
				HEADER_SEARCH_PATHS = (/System/Library/Frameworks,/Users/dangxiaobin/Desktop/github/myOpengl/xcode/configuration,/Users/dangxiaobin/Desktop/github/myOpengl/includes);
				INSTALL_PATH = "";
				OTHER_LDFLAGS = " ";
				OTHER_REZFLAGS = "";
				PRODUCT_NAME = ZERO_CHECK;
				SECTORDER_FLAGS = "";
				SYMROOT = /Users/dangxiaobin/Desktop/github/myOpengl/xcode;
				USE_HEADERMAP = NO;
				WARNING_CFLAGS = ("-Wmost","-Wno-four-char-constants","-Wno-unknown-pragmas","$(inherited)");
			};
			name = Release;
		};
		DB40303ABA1549ED9FD81669 /* Debug */ = {
			isa = XCBuildConfiguration;
			buildSettings = {
				COMBINE_HIDPI_IMAGES = YES;
				CONFIGURATION_BUILD_DIR = /Users/dangxiaobin/Desktop/github/myOpengl/xcode/bin/1.getting_started;
				EXECUTABLE_PREFIX = "";
				EXECUTABLE_SUFFIX = "";
				GCC_GENERATE_DEBUGGING_SYMBOLS = YES;
				GCC_INLINES_ARE_PRIVATE_EXTERN = NO;
				GCC_OPTIMIZATION_LEVEL = 0;
				GCC_PREPROCESSOR_DEFINITIONS = ("'CMAKE_INTDIR=\"$(CONFIGURATION)$(EFFECTIVE_PLATFORM_NAME)\"'");
				GCC_SYMBOLS_PRIVATE_EXTERN = NO;
				HEADER_SEARCH_PATHS = (/System/Library/Frameworks,/Users/dangxiaobin/Desktop/github/myOpengl/xcode/configuration,/Users/dangxiaobin/Desktop/github/myOpengl/includes);
				INSTALL_PATH = "";
				LD_RUNPATH_SEARCH_PATHS = /Users/dangxiaobin/Desktop/github/myOpengl/lib;
				LIBRARY_SEARCH_PATHS = " /Users/dangxiaobin/Desktop/github/myOpengl/lib/$(CONFIGURATION)$(EFFECTIVE_PLATFORM_NAME) /Users/dangxiaobin/Desktop/github/myOpengl/lib";
				OTHER_CPLUSPLUSFLAGS = "-std=c++11     ";
				OTHER_LDFLAGS = " -Wl,-search_paths_first -Wl,-headerpad_max_install_names  -framework Cocoa -framework IOKit -framework OpenGL -framework CoreVideo /usr/local/lib/libglfw.dylib /usr/local/lib/libassimp.dylib /Users/dangxiaobin/Desktop/github/myOpengl/xcode/Debug/libSTB_IMAGE.a /Users/dangxiaobin/Desktop/github/myOpengl/xcode/Debug/libGLAD.a";
				OTHER_REZFLAGS = "";
				PRODUCT_NAME = 1.getting_started__1.1.hello_window;
				SECTORDER_FLAGS = "";
				SYMROOT = /Users/dangxiaobin/Desktop/github/myOpengl/xcode;
				USE_HEADERMAP = NO;
				WARNING_CFLAGS = ("-Wmost","-Wno-four-char-constants","-Wno-unknown-pragmas","$(inherited)");
			};
			name = Debug;
		};
		DC36EFF3BCD24E5D8B679126 /* Release */ = {
			isa = XCBuildConfiguration;
			buildSettings = {
				COMBINE_HIDPI_IMAGES = YES;
				CONFIGURATION_BUILD_DIR = /Users/dangxiaobin/Desktop/github/myOpengl/xcode/bin/1.getting_started;
				EXECUTABLE_PREFIX = "";
				EXECUTABLE_SUFFIX = "";
				GCC_GENERATE_DEBUGGING_SYMBOLS = NO;
				GCC_INLINES_ARE_PRIVATE_EXTERN = NO;
				GCC_OPTIMIZATION_LEVEL = 3;
				GCC_PREPROCESSOR_DEFINITIONS = ("'CMAKE_INTDIR=\"$(CONFIGURATION)$(EFFECTIVE_PLATFORM_NAME)\"'");
				GCC_SYMBOLS_PRIVATE_EXTERN = NO;
				HEADER_SEARCH_PATHS = (/System/Library/Frameworks,/Users/dangxiaobin/Desktop/github/myOpengl/xcode/configuration,/Users/dangxiaobin/Desktop/github/myOpengl/includes);
				INSTALL_PATH = "";
				LD_RUNPATH_SEARCH_PATHS = /Users/dangxiaobin/Desktop/github/myOpengl/lib;
				LIBRARY_SEARCH_PATHS = " /Users/dangxiaobin/Desktop/github/myOpengl/lib/$(CONFIGURATION)$(EFFECTIVE_PLATFORM_NAME) /Users/dangxiaobin/Desktop/github/myOpengl/lib";
				OTHER_CPLUSPLUSFLAGS = "-std=c++11     -DNDEBUG  ";
				OTHER_LDFLAGS = " -Wl,-search_paths_first -Wl,-headerpad_max_install_names  -framework Cocoa -framework IOKit -framework OpenGL -framework CoreVideo /usr/local/lib/libglfw.dylib /usr/local/lib/libassimp.dylib /Users/dangxiaobin/Desktop/github/myOpengl/xcode/Release/libSTB_IMAGE.a /Users/dangxiaobin/Desktop/github/myOpengl/xcode/Release/libGLAD.a";
				OTHER_REZFLAGS = "";
				PRODUCT_NAME = 1.getting_started__1.1.hello_window;
				SECTORDER_FLAGS = "";
				SYMROOT = /Users/dangxiaobin/Desktop/github/myOpengl/xcode;
				USE_HEADERMAP = NO;
				WARNING_CFLAGS = ("-Wmost","-Wno-four-char-constants","-Wno-unknown-pragmas","$(inherited)");
			};
			name = Release;
		};
		E21AFCBFF8A240288FDCA550 /* MinSizeRel */ = {
			isa = XCBuildConfiguration;
			buildSettings = {
				COMBINE_HIDPI_IMAGES = YES;
				EXECUTABLE_PREFIX = lib;
				EXECUTABLE_SUFFIX = .a;
				GCC_GENERATE_DEBUGGING_SYMBOLS = NO;
				GCC_INLINES_ARE_PRIVATE_EXTERN = NO;
				GCC_OPTIMIZATION_LEVEL = s;
				GCC_PREPROCESSOR_DEFINITIONS = ("'CMAKE_INTDIR=\"$(CONFIGURATION)$(EFFECTIVE_PLATFORM_NAME)\"'");
				GCC_SYMBOLS_PRIVATE_EXTERN = NO;
				HEADER_SEARCH_PATHS = (/System/Library/Frameworks,/Users/dangxiaobin/Desktop/github/myOpengl/xcode/configuration,/Users/dangxiaobin/Desktop/github/myOpengl/includes);
				INSTALL_PATH = "";
				LIBRARY_STYLE = STATIC;
				OTHER_CFLAGS = "    -DNDEBUG  ";
				OTHER_LIBTOOLFLAGS = " ";
				OTHER_REZFLAGS = "";
				PRODUCT_NAME = GLAD;
				SECTORDER_FLAGS = "";
				SYMROOT = /Users/dangxiaobin/Desktop/github/myOpengl/xcode;
				USE_HEADERMAP = NO;
				WARNING_CFLAGS = ("-Wmost","-Wno-four-char-constants","-Wno-unknown-pragmas","$(inherited)");
			};
			name = MinSizeRel;
		};
		E39AC8D28C6C4A5F98A77577 /* Debug */ = {
			isa = XCBuildConfiguration;
			buildSettings = {
				COMBINE_HIDPI_IMAGES = YES;
				EXECUTABLE_PREFIX = lib;
				EXECUTABLE_SUFFIX = .a;
				GCC_GENERATE_DEBUGGING_SYMBOLS = YES;
				GCC_INLINES_ARE_PRIVATE_EXTERN = NO;
				GCC_OPTIMIZATION_LEVEL = 0;
				GCC_PREPROCESSOR_DEFINITIONS = ("'CMAKE_INTDIR=\"$(CONFIGURATION)$(EFFECTIVE_PLATFORM_NAME)\"'");
				GCC_SYMBOLS_PRIVATE_EXTERN = NO;
				HEADER_SEARCH_PATHS = (/System/Library/Frameworks,/Users/dangxiaobin/Desktop/github/myOpengl/xcode/configuration,/Users/dangxiaobin/Desktop/github/myOpengl/includes);
				INSTALL_PATH = "";
				LIBRARY_STYLE = STATIC;
				OTHER_CPLUSPLUSFLAGS = "-std=c++11     ";
				OTHER_LIBTOOLFLAGS = " ";
				OTHER_REZFLAGS = "";
				PRODUCT_NAME = STB_IMAGE;
				SECTORDER_FLAGS = "";
				SYMROOT = /Users/dangxiaobin/Desktop/github/myOpengl/xcode;
				USE_HEADERMAP = NO;
				WARNING_CFLAGS = ("-Wmost","-Wno-four-char-constants","-Wno-unknown-pragmas","$(inherited)");
			};
			name = Debug;
		};
		E53DD6B030A2432FA4EC4AD0 /* MinSizeRel */ = {
			isa = XCBuildConfiguration;
			buildSettings = {
				COMBINE_HIDPI_IMAGES = YES;
				EXECUTABLE_PREFIX = lib;
				EXECUTABLE_SUFFIX = .a;
				GCC_GENERATE_DEBUGGING_SYMBOLS = NO;
				GCC_INLINES_ARE_PRIVATE_EXTERN = NO;
				GCC_OPTIMIZATION_LEVEL = s;
				GCC_PREPROCESSOR_DEFINITIONS = ("'CMAKE_INTDIR=\"$(CONFIGURATION)$(EFFECTIVE_PLATFORM_NAME)\"'");
				GCC_SYMBOLS_PRIVATE_EXTERN = NO;
				HEADER_SEARCH_PATHS = (/System/Library/Frameworks,/Users/dangxiaobin/Desktop/github/myOpengl/xcode/configuration,/Users/dangxiaobin/Desktop/github/myOpengl/includes);
				INSTALL_PATH = "";
				LIBRARY_STYLE = STATIC;
				OTHER_CPLUSPLUSFLAGS = "-std=c++11     -DNDEBUG  ";
				OTHER_LIBTOOLFLAGS = " ";
				OTHER_REZFLAGS = "";
				PRODUCT_NAME = STB_IMAGE;
				SECTORDER_FLAGS = "";
				SYMROOT = /Users/dangxiaobin/Desktop/github/myOpengl/xcode;
				USE_HEADERMAP = NO;
				WARNING_CFLAGS = ("-Wmost","-Wno-four-char-constants","-Wno-unknown-pragmas","$(inherited)");
			};
			name = MinSizeRel;
		};
		FF488011AB6D43BC98FBF329 /* MinSizeRel */ = {
			isa = XCBuildConfiguration;
			buildSettings = {
				ONLY_ACTIVE_ARCH = YES;
				SDKROOT = /Applications/Xcode.app/Contents/Developer/Platforms/MacOSX.platform/Developer/SDKs/MacOSX10.14.sdk;
				SYMROOT = /Users/dangxiaobin/Desktop/github/myOpengl/xcode/build;
			};
			name = MinSizeRel;
		};
/* End XCBuildConfiguration section */

/* Begin XCConfigurationList section */
		44B72D61F7FA41138B743EF6 /* Build configuration list for PBXAggregateTarget "ZERO_CHECK" */ = {
			isa = XCConfigurationList;
			buildConfigurations = (
				0F25E2F4DFC64A8CA672BC10 /* Debug */,
				D7DB2EFC515745D589F39B65 /* Release */,
				B1EA73BCBF6949558D681C99 /* MinSizeRel */,
				AB2EEA23AEEA45FFA698BC9D /* RelWithDebInfo */,
			);
			defaultConfigurationIsVisible = 0;
			defaultConfigurationName = Debug;
		};
		556832473CEC4CE380CC9089 /* Build configuration list for PBXProject "LearnOpengl" */ = {
			isa = XCConfigurationList;
			buildConfigurations = (
				8352D2BB0F394B3C80F1A5D5 /* Debug */,
				540202209EE946429169A9FE /* Release */,
				FF488011AB6D43BC98FBF329 /* MinSizeRel */,
				A2446680DB6F4F77A01C9A79 /* RelWithDebInfo */,
			);
			defaultConfigurationIsVisible = 0;
			defaultConfigurationName = Debug;
		};
		6A3BD5376446466998CCB4AC /* Build configuration list for PBXAggregateTarget "ALL_BUILD" */ = {
			isa = XCConfigurationList;
			buildConfigurations = (
				2F15E899D0034462B827EA53 /* Debug */,
				A70E485F33B74DD399FFAD47 /* Release */,
				9568761B4C194CD18723AC34 /* MinSizeRel */,
				A4AFF3E355DB49FEBC5D63D4 /* RelWithDebInfo */,
			);
			defaultConfigurationIsVisible = 0;
			defaultConfigurationName = Debug;
		};
		6CE977F6A6CD43D195928803 /* Build configuration list for PBXNativeTarget "1.getting_started__1.1.hello_window" */ = {
			isa = XCConfigurationList;
			buildConfigurations = (
				DB40303ABA1549ED9FD81669 /* Debug */,
				DC36EFF3BCD24E5D8B679126 /* Release */,
				8808E4A553D5465BA4EB41A2 /* MinSizeRel */,
				3752EF88CD5B4801A0BFCC57 /* RelWithDebInfo */,
			);
			defaultConfigurationIsVisible = 0;
			defaultConfigurationName = Debug;
		};
		6D5C40DAA06345C8A35222F8 /* Build configuration list for PBXNativeTarget "STB_IMAGE" */ = {
			isa = XCConfigurationList;
			buildConfigurations = (
				E39AC8D28C6C4A5F98A77577 /* Debug */,
				47D8512478C94AA6B3499BA0 /* Release */,
				E53DD6B030A2432FA4EC4AD0 /* MinSizeRel */,
				C8FCD9E7677A47819CE30E51 /* RelWithDebInfo */,
			);
			defaultConfigurationIsVisible = 0;
			defaultConfigurationName = Debug;
		};
		C599A2A862A64B66BC264664 /* Build configuration list for PBXNativeTarget "GLAD" */ = {
			isa = XCConfigurationList;
			buildConfigurations = (
				12015D201265404CB0CD6588 /* Debug */,
				A836771985BB4374B84AA9C8 /* Release */,
				E21AFCBFF8A240288FDCA550 /* MinSizeRel */,
				756408D1B5B14CA2813FDC2E /* RelWithDebInfo */,
			);
			defaultConfigurationIsVisible = 0;
			defaultConfigurationName = Debug;
		};
/* End XCConfigurationList section */
	};
	rootObject = 5C78E47978074F5295605DE1 /* Project object */;
}
